// !$*UTF8*$!
{
	archiveVersion = 1;
	classes = {
	};
	objectVersion = 56;
	objects = {

/* Begin PBXBuildFile section */
		843EC2272B49654B0020A2E2 /* NetworkOperation.swift in Sources */ = {isa = PBXBuildFile; fileRef = 843EC2262B49654B0020A2E2 /* NetworkOperation.swift */; };
		843EC22C2B4965B00020A2E2 /* Configuration.swift in Sources */ = {isa = PBXBuildFile; fileRef = 843EC22B2B4965B00020A2E2 /* Configuration.swift */; };
		843EC2302B4966870020A2E2 /* Identify.swift in Sources */ = {isa = PBXBuildFile; fileRef = 843EC22F2B4966870020A2E2 /* Identify.swift */; };
		843EC2342B4966D40020A2E2 /* UIColor+Extension.swift in Sources */ = {isa = PBXBuildFile; fileRef = 843EC2332B4966D40020A2E2 /* UIColor+Extension.swift */; };
		843EC2362B4967170020A2E2 /* UITableView+Extension.swift in Sources */ = {isa = PBXBuildFile; fileRef = 843EC2352B4967170020A2E2 /* UITableView+Extension.swift */; };
		843EC2382B4967B40020A2E2 /* LoggerEventMonitor.swift in Sources */ = {isa = PBXBuildFile; fileRef = 843EC2372B4967B40020A2E2 /* LoggerEventMonitor.swift */; };
		843EC23A2B4967D50020A2E2 /* Data+Extension.swift in Sources */ = {isa = PBXBuildFile; fileRef = 843EC2392B4967D50020A2E2 /* Data+Extension.swift */; };
		843EC23D2B49680B0020A2E2 /* ApplicationError.swift in Sources */ = {isa = PBXBuildFile; fileRef = 843EC23C2B49680B0020A2E2 /* ApplicationError.swift */; };
		843EC23F2B4968AE0020A2E2 /* EndpointConfigurable.swift in Sources */ = {isa = PBXBuildFile; fileRef = 843EC23E2B4968AE0020A2E2 /* EndpointConfigurable.swift */; };
		843EC2412B4968D80020A2E2 /* APIEndpoint.swift in Sources */ = {isa = PBXBuildFile; fileRef = 843EC2402B4968D80020A2E2 /* APIEndpoint.swift */; };
		843EC2432B496AA30020A2E2 /* EndpointRequest.swift in Sources */ = {isa = PBXBuildFile; fileRef = 843EC2422B496AA30020A2E2 /* EndpointRequest.swift */; };
		843EC2462B496EE00020A2E2 /* ServiceAssemble.swift in Sources */ = {isa = PBXBuildFile; fileRef = 843EC2452B496EE00020A2E2 /* ServiceAssemble.swift */; };
		843EC2482B496F1E0020A2E2 /* AppConfiguration.swift in Sources */ = {isa = PBXBuildFile; fileRef = 843EC2472B496F1E0020A2E2 /* AppConfiguration.swift */; };
		843EC24A2B496FA90020A2E2 /* API.swift in Sources */ = {isa = PBXBuildFile; fileRef = 843EC2492B496FA90020A2E2 /* API.swift */; };
		843EC24C2B49715E0020A2E2 /* Assemble+Extension.swift in Sources */ = {isa = PBXBuildFile; fileRef = 843EC24B2B49715E0020A2E2 /* Assemble+Extension.swift */; };
		843EC24F2B4979C10020A2E2 /* Grocery.swift in Sources */ = {isa = PBXBuildFile; fileRef = 843EC24E2B4979C10020A2E2 /* Grocery.swift */; };
		843EC2512B4979ED0020A2E2 /* GroceryProduct.swift in Sources */ = {isa = PBXBuildFile; fileRef = 843EC2502B4979ED0020A2E2 /* GroceryProduct.swift */; };
		843EC2542B499FD90020A2E2 /* Operators.swift in Sources */ = {isa = PBXBuildFile; fileRef = 843EC2532B499FD90020A2E2 /* Operators.swift */; };
		843EC2582B49A1520020A2E2 /* BaseViewController.swift in Sources */ = {isa = PBXBuildFile; fileRef = 843EC2572B49A1520020A2E2 /* BaseViewController.swift */; };
		843EC25C2B49A3BD0020A2E2 /* GroceryProductTableViewCell.swift in Sources */ = {isa = PBXBuildFile; fileRef = 843EC25B2B49A3BD0020A2E2 /* GroceryProductTableViewCell.swift */; };
		843EC25E2B49A81D0020A2E2 /* GroceryProductViewModel.swift in Sources */ = {isa = PBXBuildFile; fileRef = 843EC25D2B49A81D0020A2E2 /* GroceryProductViewModel.swift */; };
		843EC2612B49BB1C0020A2E2 /* ActivityIndicatorView.swift in Sources */ = {isa = PBXBuildFile; fileRef = 843EC2602B49BB1C0020A2E2 /* ActivityIndicatorView.swift */; };
		843EC2632B49D2B20020A2E2 /* AppNavigationController.swift in Sources */ = {isa = PBXBuildFile; fileRef = 843EC2622B49D2B20020A2E2 /* AppNavigationController.swift */; };
		843EC2662B49EEF60020A2E2 /* Downloader.swift in Sources */ = {isa = PBXBuildFile; fileRef = 843EC2652B49EEF60020A2E2 /* Downloader.swift */; };
		843EC2692B49F0B30020A2E2 /* DataDownloader.swift in Sources */ = {isa = PBXBuildFile; fileRef = 843EC2682B49F0B30020A2E2 /* DataDownloader.swift */; };
		843EC26B2B4A09BD0020A2E2 /* FruitsAndBerriesDetailsViewController.swift in Sources */ = {isa = PBXBuildFile; fileRef = 843EC26A2B4A09BD0020A2E2 /* FruitsAndBerriesDetailsViewController.swift */; };
		843EC26D2B4A1F5A0020A2E2 /* GroceryProductDetail.swift in Sources */ = {isa = PBXBuildFile; fileRef = 843EC26C2B4A1F5A0020A2E2 /* GroceryProductDetail.swift */; };
		DD2BBC4A2C1EC3639B303251 /* Pods_iOS_Test.framework in Frameworks */ = {isa = PBXBuildFile; fileRef = 227395C06C669E16F5D5CD8A /* Pods_iOS_Test.framework */; };
		EF9196922B3B1D5700DC508B /* AppDelegate.swift in Sources */ = {isa = PBXBuildFile; fileRef = EF9196912B3B1D5700DC508B /* AppDelegate.swift */; };
		EF91969B2B3B1D5C00DC508B /* Assets.xcassets in Resources */ = {isa = PBXBuildFile; fileRef = EF91969A2B3B1D5C00DC508B /* Assets.xcassets */; };
		EF91969E2B3B1D5C00DC508B /* LaunchScreen.storyboard in Resources */ = {isa = PBXBuildFile; fileRef = EF91969C2B3B1D5C00DC508B /* LaunchScreen.storyboard */; };
		EF9196AC2B3B1D8F00DC508B /* FruitsAndBerriesPresenter.swift in Sources */ = {isa = PBXBuildFile; fileRef = EF9196A62B3B1D8F00DC508B /* FruitsAndBerriesPresenter.swift */; };
		EF9196AD2B3B1D8F00DC508B /* FruitsAndBerriesRouter.swift in Sources */ = {isa = PBXBuildFile; fileRef = EF9196A72B3B1D8F00DC508B /* FruitsAndBerriesRouter.swift */; };
		EF9196AE2B3B1D8F00DC508B /* FruitsAndBerriesModels.swift in Sources */ = {isa = PBXBuildFile; fileRef = EF9196A82B3B1D8F00DC508B /* FruitsAndBerriesModels.swift */; };
		EF9196AF2B3B1D8F00DC508B /* FruitsAndBerriesViewController.swift in Sources */ = {isa = PBXBuildFile; fileRef = EF9196A92B3B1D8F00DC508B /* FruitsAndBerriesViewController.swift */; };
		EF9196B02B3B1D8F00DC508B /* FruitsAndBerriesInteractor.swift in Sources */ = {isa = PBXBuildFile; fileRef = EF9196AA2B3B1D8F00DC508B /* FruitsAndBerriesInteractor.swift */; };
		EF9196B32B3B263300DC508B /* SceneDelegate.swift in Sources */ = {isa = PBXBuildFile; fileRef = EF9196B22B3B263300DC508B /* SceneDelegate.swift */; };
/* End PBXBuildFile section */

/* Begin PBXFileReference section */
		227395C06C669E16F5D5CD8A /* Pods_iOS_Test.framework */ = {isa = PBXFileReference; explicitFileType = wrapper.framework; includeInIndex = 0; path = Pods_iOS_Test.framework; sourceTree = BUILT_PRODUCTS_DIR; };
		7CA12818464BDEBAA24261A9 /* Pods-iOS-Test.debug.xcconfig */ = {isa = PBXFileReference; includeInIndex = 1; lastKnownFileType = text.xcconfig; name = "Pods-iOS-Test.debug.xcconfig"; path = "Target Support Files/Pods-iOS-Test/Pods-iOS-Test.debug.xcconfig"; sourceTree = "<group>"; };
		843EC2262B49654B0020A2E2 /* NetworkOperation.swift */ = {isa = PBXFileReference; lastKnownFileType = sourcecode.swift; path = NetworkOperation.swift; sourceTree = "<group>"; };
		843EC22B2B4965B00020A2E2 /* Configuration.swift */ = {isa = PBXFileReference; lastKnownFileType = sourcecode.swift; path = Configuration.swift; sourceTree = "<group>"; };
		843EC22F2B4966870020A2E2 /* Identify.swift */ = {isa = PBXFileReference; lastKnownFileType = sourcecode.swift; path = Identify.swift; sourceTree = "<group>"; };
		843EC2332B4966D40020A2E2 /* UIColor+Extension.swift */ = {isa = PBXFileReference; lastKnownFileType = sourcecode.swift; path = "UIColor+Extension.swift"; sourceTree = "<group>"; };
		843EC2352B4967170020A2E2 /* UITableView+Extension.swift */ = {isa = PBXFileReference; lastKnownFileType = sourcecode.swift; path = "UITableView+Extension.swift"; sourceTree = "<group>"; };
		843EC2372B4967B40020A2E2 /* LoggerEventMonitor.swift */ = {isa = PBXFileReference; lastKnownFileType = sourcecode.swift; path = LoggerEventMonitor.swift; sourceTree = "<group>"; };
		843EC2392B4967D50020A2E2 /* Data+Extension.swift */ = {isa = PBXFileReference; lastKnownFileType = sourcecode.swift; path = "Data+Extension.swift"; sourceTree = "<group>"; };
		843EC23C2B49680B0020A2E2 /* ApplicationError.swift */ = {isa = PBXFileReference; lastKnownFileType = sourcecode.swift; path = ApplicationError.swift; sourceTree = "<group>"; };
		843EC23E2B4968AE0020A2E2 /* EndpointConfigurable.swift */ = {isa = PBXFileReference; lastKnownFileType = sourcecode.swift; path = EndpointConfigurable.swift; sourceTree = "<group>"; };
		843EC2402B4968D80020A2E2 /* APIEndpoint.swift */ = {isa = PBXFileReference; lastKnownFileType = sourcecode.swift; path = APIEndpoint.swift; sourceTree = "<group>"; };
		843EC2422B496AA30020A2E2 /* EndpointRequest.swift */ = {isa = PBXFileReference; lastKnownFileType = sourcecode.swift; path = EndpointRequest.swift; sourceTree = "<group>"; };
		843EC2452B496EE00020A2E2 /* ServiceAssemble.swift */ = {isa = PBXFileReference; lastKnownFileType = sourcecode.swift; path = ServiceAssemble.swift; sourceTree = "<group>"; };
		843EC2472B496F1E0020A2E2 /* AppConfiguration.swift */ = {isa = PBXFileReference; lastKnownFileType = sourcecode.swift; path = AppConfiguration.swift; sourceTree = "<group>"; };
		843EC2492B496FA90020A2E2 /* API.swift */ = {isa = PBXFileReference; lastKnownFileType = sourcecode.swift; path = API.swift; sourceTree = "<group>"; };
		843EC24B2B49715E0020A2E2 /* Assemble+Extension.swift */ = {isa = PBXFileReference; lastKnownFileType = sourcecode.swift; path = "Assemble+Extension.swift"; sourceTree = "<group>"; };
		843EC24E2B4979C10020A2E2 /* Grocery.swift */ = {isa = PBXFileReference; lastKnownFileType = sourcecode.swift; path = Grocery.swift; sourceTree = "<group>"; };
		843EC2502B4979ED0020A2E2 /* GroceryProduct.swift */ = {isa = PBXFileReference; lastKnownFileType = sourcecode.swift; path = GroceryProduct.swift; sourceTree = "<group>"; };
		843EC2532B499FD90020A2E2 /* Operators.swift */ = {isa = PBXFileReference; lastKnownFileType = sourcecode.swift; path = Operators.swift; sourceTree = "<group>"; };
		843EC2572B49A1520020A2E2 /* BaseViewController.swift */ = {isa = PBXFileReference; lastKnownFileType = sourcecode.swift; path = BaseViewController.swift; sourceTree = "<group>"; };
		843EC25B2B49A3BD0020A2E2 /* GroceryProductTableViewCell.swift */ = {isa = PBXFileReference; lastKnownFileType = sourcecode.swift; path = GroceryProductTableViewCell.swift; sourceTree = "<group>"; };
		843EC25D2B49A81D0020A2E2 /* GroceryProductViewModel.swift */ = {isa = PBXFileReference; lastKnownFileType = sourcecode.swift; path = GroceryProductViewModel.swift; sourceTree = "<group>"; };
		843EC2602B49BB1C0020A2E2 /* ActivityIndicatorView.swift */ = {isa = PBXFileReference; lastKnownFileType = sourcecode.swift; path = ActivityIndicatorView.swift; sourceTree = "<group>"; };
		843EC2622B49D2B20020A2E2 /* AppNavigationController.swift */ = {isa = PBXFileReference; lastKnownFileType = sourcecode.swift; path = AppNavigationController.swift; sourceTree = "<group>"; };
		843EC2652B49EEF60020A2E2 /* Downloader.swift */ = {isa = PBXFileReference; lastKnownFileType = sourcecode.swift; path = Downloader.swift; sourceTree = "<group>"; };
		843EC2682B49F0B30020A2E2 /* DataDownloader.swift */ = {isa = PBXFileReference; lastKnownFileType = sourcecode.swift; path = DataDownloader.swift; sourceTree = "<group>"; };
		843EC26A2B4A09BD0020A2E2 /* FruitsAndBerriesDetailsViewController.swift */ = {isa = PBXFileReference; lastKnownFileType = sourcecode.swift; path = FruitsAndBerriesDetailsViewController.swift; sourceTree = "<group>"; };
		843EC26C2B4A1F5A0020A2E2 /* GroceryProductDetail.swift */ = {isa = PBXFileReference; lastKnownFileType = sourcecode.swift; path = GroceryProductDetail.swift; sourceTree = "<group>"; };
		BFDD637EA962BC4E975D75CA /* Pods-iOS-Test.release.xcconfig */ = {isa = PBXFileReference; includeInIndex = 1; lastKnownFileType = text.xcconfig; name = "Pods-iOS-Test.release.xcconfig"; path = "Target Support Files/Pods-iOS-Test/Pods-iOS-Test.release.xcconfig"; sourceTree = "<group>"; };
		EF91968E2B3B1D5700DC508B /* iOS-Test.app */ = {isa = PBXFileReference; explicitFileType = wrapper.application; includeInIndex = 0; path = "iOS-Test.app"; sourceTree = BUILT_PRODUCTS_DIR; };
		EF9196912B3B1D5700DC508B /* AppDelegate.swift */ = {isa = PBXFileReference; lastKnownFileType = sourcecode.swift; path = AppDelegate.swift; sourceTree = "<group>"; };
		EF91969A2B3B1D5C00DC508B /* Assets.xcassets */ = {isa = PBXFileReference; lastKnownFileType = folder.assetcatalog; path = Assets.xcassets; sourceTree = "<group>"; };
		EF91969D2B3B1D5C00DC508B /* Base */ = {isa = PBXFileReference; lastKnownFileType = file.storyboard; name = Base; path = Base.lproj/LaunchScreen.storyboard; sourceTree = "<group>"; };
		EF91969F2B3B1D5C00DC508B /* Info.plist */ = {isa = PBXFileReference; lastKnownFileType = text.plist.xml; path = Info.plist; sourceTree = "<group>"; };
		EF9196A62B3B1D8F00DC508B /* FruitsAndBerriesPresenter.swift */ = {isa = PBXFileReference; lastKnownFileType = sourcecode.swift; path = FruitsAndBerriesPresenter.swift; sourceTree = "<group>"; };
		EF9196A72B3B1D8F00DC508B /* FruitsAndBerriesRouter.swift */ = {isa = PBXFileReference; lastKnownFileType = sourcecode.swift; path = FruitsAndBerriesRouter.swift; sourceTree = "<group>"; };
		EF9196A82B3B1D8F00DC508B /* FruitsAndBerriesModels.swift */ = {isa = PBXFileReference; lastKnownFileType = sourcecode.swift; path = FruitsAndBerriesModels.swift; sourceTree = "<group>"; };
		EF9196A92B3B1D8F00DC508B /* FruitsAndBerriesViewController.swift */ = {isa = PBXFileReference; lastKnownFileType = sourcecode.swift; path = FruitsAndBerriesViewController.swift; sourceTree = "<group>"; usesTabs = 0; };
		EF9196AA2B3B1D8F00DC508B /* FruitsAndBerriesInteractor.swift */ = {isa = PBXFileReference; lastKnownFileType = sourcecode.swift; path = FruitsAndBerriesInteractor.swift; sourceTree = "<group>"; };
		EF9196B22B3B263300DC508B /* SceneDelegate.swift */ = {isa = PBXFileReference; lastKnownFileType = sourcecode.swift; path = SceneDelegate.swift; sourceTree = "<group>"; };
/* End PBXFileReference section */

/* Begin PBXFrameworksBuildPhase section */
		EF91968B2B3B1D5700DC508B /* Frameworks */ = {
			isa = PBXFrameworksBuildPhase;
			buildActionMask = 2147483647;
			files = (
				DD2BBC4A2C1EC3639B303251 /* Pods_iOS_Test.framework in Frameworks */,
			);
			runOnlyForDeploymentPostprocessing = 0;
		};
/* End PBXFrameworksBuildPhase section */

/* Begin PBXGroup section */
		843EC2242B4964570020A2E2 /* Service */ = {
			isa = PBXGroup;
			children = (
				843EC2642B49EEB20020A2E2 /* Downloader */,
				843EC22A2B4965A20020A2E2 /* Configuration */,
				843EC2252B49652D0020A2E2 /* Network */,
			);
			path = Service;
			sourceTree = "<group>";
		};
		843EC2252B49652D0020A2E2 /* Network */ = {
			isa = PBXGroup;
			children = (
				843EC23E2B4968AE0020A2E2 /* EndpointConfigurable.swift */,
				843EC2492B496FA90020A2E2 /* API.swift */,
			);
			path = Network;
			sourceTree = "<group>";
		};
		843EC2282B49657A0020A2E2 /* Component */ = {
			isa = PBXGroup;
			children = (
				843EC2672B49EF900020A2E2 /* DataDownloader */,
				843EC22D2B4965C20020A2E2 /* AppConfiguration */,
				843EC2292B49658E0020A2E2 /* Network */,
			);
			path = Component;
			sourceTree = "<group>";
		};
		843EC2292B49658E0020A2E2 /* Network */ = {
			isa = PBXGroup;
			children = (
				843EC2262B49654B0020A2E2 /* NetworkOperation.swift */,
				843EC2372B4967B40020A2E2 /* LoggerEventMonitor.swift */,
				843EC2402B4968D80020A2E2 /* APIEndpoint.swift */,
				843EC2422B496AA30020A2E2 /* EndpointRequest.swift */,
			);
			path = Network;
			sourceTree = "<group>";
		};
		843EC22A2B4965A20020A2E2 /* Configuration */ = {
			isa = PBXGroup;
			children = (
				843EC22B2B4965B00020A2E2 /* Configuration.swift */,
			);
			path = Configuration;
			sourceTree = "<group>";
		};
		843EC22D2B4965C20020A2E2 /* AppConfiguration */ = {
			isa = PBXGroup;
			children = (
				843EC2472B496F1E0020A2E2 /* AppConfiguration.swift */,
			);
			path = AppConfiguration;
			sourceTree = "<group>";
		};
		843EC22E2B4966760020A2E2 /* Interface */ = {
			isa = PBXGroup;
			children = (
				843EC22F2B4966870020A2E2 /* Identify.swift */,
			);
			path = Interface;
			sourceTree = "<group>";
		};
		843EC2312B4966980020A2E2 /* Module */ = {
			isa = PBXGroup;
			children = (
				EF9196B12B3B1DA900DC508B /* FruitsAndBerries */,
			);
			path = Module;
			sourceTree = "<group>";
		};
		843EC2322B4966B90020A2E2 /* Extension */ = {
			isa = PBXGroup;
			children = (
				843EC2332B4966D40020A2E2 /* UIColor+Extension.swift */,
				843EC2352B4967170020A2E2 /* UITableView+Extension.swift */,
				843EC2392B4967D50020A2E2 /* Data+Extension.swift */,
			);
			path = Extension;
			sourceTree = "<group>";
		};
		843EC23B2B4967FF0020A2E2 /* Error */ = {
			isa = PBXGroup;
			children = (
				843EC23C2B49680B0020A2E2 /* ApplicationError.swift */,
			);
			path = Error;
			sourceTree = "<group>";
		};
		843EC2442B496ED00020A2E2 /* Container */ = {
			isa = PBXGroup;
			children = (
				843EC2452B496EE00020A2E2 /* ServiceAssemble.swift */,
				843EC24B2B49715E0020A2E2 /* Assemble+Extension.swift */,
			);
			path = Container;
			sourceTree = "<group>";
		};
		843EC24D2B4976360020A2E2 /* Model */ = {
			isa = PBXGroup;
			children = (
				843EC24E2B4979C10020A2E2 /* Grocery.swift */,
				843EC2502B4979ED0020A2E2 /* GroceryProduct.swift */,
				843EC26C2B4A1F5A0020A2E2 /* GroceryProductDetail.swift */,
			);
			path = Model;
			sourceTree = "<group>";
		};
		843EC2522B499FB60020A2E2 /* Supporting Files */ = {
			isa = PBXGroup;
			children = (
				843EC22E2B4966760020A2E2 /* Interface */,
				843EC2322B4966B90020A2E2 /* Extension */,
				843EC2532B499FD90020A2E2 /* Operators.swift */,
			);
			path = "Supporting Files";
			sourceTree = "<group>";
		};
		843EC2552B49A1030020A2E2 /* Core */ = {
			isa = PBXGroup;
			children = (
				843EC23B2B4967FF0020A2E2 /* Error */,
				843EC2562B49A1420020A2E2 /* ViewController */,
			);
			path = Core;
			sourceTree = "<group>";
		};
		843EC2562B49A1420020A2E2 /* ViewController */ = {
			isa = PBXGroup;
			children = (
				843EC2572B49A1520020A2E2 /* BaseViewController.swift */,
				843EC2622B49D2B20020A2E2 /* AppNavigationController.swift */,
			);
			path = ViewController;
			sourceTree = "<group>";
		};
		843EC2592B49A3720020A2E2 /* TableViewCell */ = {
			isa = PBXGroup;
			children = (
				843EC25A2B49A3820020A2E2 /* GroceryProduct */,
			);
			path = TableViewCell;
			sourceTree = "<group>";
		};
		843EC25A2B49A3820020A2E2 /* GroceryProduct */ = {
			isa = PBXGroup;
			children = (
				843EC25B2B49A3BD0020A2E2 /* GroceryProductTableViewCell.swift */,
				843EC25D2B49A81D0020A2E2 /* GroceryProductViewModel.swift */,
			);
			path = GroceryProduct;
			sourceTree = "<group>";
		};
		843EC25F2B49BB0F0020A2E2 /* View */ = {
			isa = PBXGroup;
			children = (
				843EC2602B49BB1C0020A2E2 /* ActivityIndicatorView.swift */,
			);
			path = View;
			sourceTree = "<group>";
		};
		843EC2642B49EEB20020A2E2 /* Downloader */ = {
			isa = PBXGroup;
			children = (
				843EC2652B49EEF60020A2E2 /* Downloader.swift */,
			);
			path = Downloader;
			sourceTree = "<group>";
		};
		843EC2672B49EF900020A2E2 /* DataDownloader */ = {
			isa = PBXGroup;
			children = (
				843EC2682B49F0B30020A2E2 /* DataDownloader.swift */,
			);
			path = DataDownloader;
			sourceTree = "<group>";
		};
		8D971F93D5D7C52C81F88A68 /* Frameworks */ = {
			isa = PBXGroup;
			children = (
				227395C06C669E16F5D5CD8A /* Pods_iOS_Test.framework */,
			);
			name = Frameworks;
			sourceTree = "<group>";
		};
		B37D03992AD37C973C85F353 /* Pods */ = {
			isa = PBXGroup;
			children = (
				7CA12818464BDEBAA24261A9 /* Pods-iOS-Test.debug.xcconfig */,
				BFDD637EA962BC4E975D75CA /* Pods-iOS-Test.release.xcconfig */,
			);
			path = Pods;
			sourceTree = "<group>";
		};
		EF9196852B3B1D5700DC508B = {
			isa = PBXGroup;
			children = (
				843EC25F2B49BB0F0020A2E2 /* View */,
				843EC2552B49A1030020A2E2 /* Core */,
				843EC2522B499FB60020A2E2 /* Supporting Files */,
				843EC24D2B4976360020A2E2 /* Model */,
				843EC2442B496ED00020A2E2 /* Container */,
				843EC2312B4966980020A2E2 /* Module */,
				843EC2282B49657A0020A2E2 /* Component */,
				843EC2242B4964570020A2E2 /* Service */,
				EF9196912B3B1D5700DC508B /* AppDelegate.swift */,
				EF9196B22B3B263300DC508B /* SceneDelegate.swift */,
				EF91969A2B3B1D5C00DC508B /* Assets.xcassets */,
				EF91969C2B3B1D5C00DC508B /* LaunchScreen.storyboard */,
				EF91969F2B3B1D5C00DC508B /* Info.plist */,
				EF91968F2B3B1D5700DC508B /* Products */,
				B37D03992AD37C973C85F353 /* Pods */,
				8D971F93D5D7C52C81F88A68 /* Frameworks */,
			);
			sourceTree = "<group>";
		};
		EF91968F2B3B1D5700DC508B /* Products */ = {
			isa = PBXGroup;
			children = (
				EF91968E2B3B1D5700DC508B /* iOS-Test.app */,
			);
			name = Products;
			sourceTree = "<group>";
		};
		EF9196B12B3B1DA900DC508B /* FruitsAndBerries */ = {
			isa = PBXGroup;
			children = (
				843EC2592B49A3720020A2E2 /* TableViewCell */,
				EF9196A62B3B1D8F00DC508B /* FruitsAndBerriesPresenter.swift */,
				EF9196A72B3B1D8F00DC508B /* FruitsAndBerriesRouter.swift */,
				EF9196A82B3B1D8F00DC508B /* FruitsAndBerriesModels.swift */,
				EF9196AA2B3B1D8F00DC508B /* FruitsAndBerriesInteractor.swift */,
				EF9196A92B3B1D8F00DC508B /* FruitsAndBerriesViewController.swift */,
				843EC26A2B4A09BD0020A2E2 /* FruitsAndBerriesDetailsViewController.swift */,
			);
			path = FruitsAndBerries;
			sourceTree = "<group>";
		};
/* End PBXGroup section */

/* Begin PBXNativeTarget section */
		EF91968D2B3B1D5700DC508B /* iOS-Test */ = {
			isa = PBXNativeTarget;
			buildConfigurationList = EF9196A22B3B1D5C00DC508B /* Build configuration list for PBXNativeTarget "iOS-Test" */;
			buildPhases = (
				065738541E3B192A45298E80 /* [CP] Check Pods Manifest.lock */,
				EF91968A2B3B1D5700DC508B /* Sources */,
				EF91968B2B3B1D5700DC508B /* Frameworks */,
				EF91968C2B3B1D5700DC508B /* Resources */,
				2B7A2CA92C6B938FE58B8974 /* [CP] Embed Pods Frameworks */,
			);
			buildRules = (
			);
			dependencies = (
			);
			name = "iOS-Test";
			productName = "iOS-Test";
			productReference = EF91968E2B3B1D5700DC508B /* iOS-Test.app */;
			productType = "com.apple.product-type.application";
		};
/* End PBXNativeTarget section */

/* Begin PBXProject section */
		EF9196862B3B1D5700DC508B /* Project object */ = {
			isa = PBXProject;
			attributes = {
				BuildIndependentTargetsInParallel = 1;
				LastSwiftUpdateCheck = 1510;
				LastUpgradeCheck = 1510;
				TargetAttributes = {
					EF91968D2B3B1D5700DC508B = {
						CreatedOnToolsVersion = 15.1;
					};
				};
			};
			buildConfigurationList = EF9196892B3B1D5700DC508B /* Build configuration list for PBXProject "iOS-Test" */;
			compatibilityVersion = "Xcode 14.0";
			developmentRegion = en;
			hasScannedForEncodings = 0;
			knownRegions = (
				en,
				Base,
			);
			mainGroup = EF9196852B3B1D5700DC508B;
			productRefGroup = EF91968F2B3B1D5700DC508B /* Products */;
			projectDirPath = "";
			projectRoot = "";
			targets = (
				EF91968D2B3B1D5700DC508B /* iOS-Test */,
			);
		};
/* End PBXProject section */

/* Begin PBXResourcesBuildPhase section */
		EF91968C2B3B1D5700DC508B /* Resources */ = {
			isa = PBXResourcesBuildPhase;
			buildActionMask = 2147483647;
			files = (
				EF91969E2B3B1D5C00DC508B /* LaunchScreen.storyboard in Resources */,
				EF91969B2B3B1D5C00DC508B /* Assets.xcassets in Resources */,
			);
			runOnlyForDeploymentPostprocessing = 0;
		};
/* End PBXResourcesBuildPhase section */

/* Begin PBXShellScriptBuildPhase section */
		065738541E3B192A45298E80 /* [CP] Check Pods Manifest.lock */ = {
			isa = PBXShellScriptBuildPhase;
			buildActionMask = 2147483647;
			files = (
			);
			inputFileListPaths = (
			);
			inputPaths = (
				"${PODS_PODFILE_DIR_PATH}/Podfile.lock",
				"${PODS_ROOT}/Manifest.lock",
			);
			name = "[CP] Check Pods Manifest.lock";
			outputFileListPaths = (
			);
			outputPaths = (
				"$(DERIVED_FILE_DIR)/Pods-iOS-Test-checkManifestLockResult.txt",
			);
			runOnlyForDeploymentPostprocessing = 0;
			shellPath = /bin/sh;
			shellScript = "diff \"${PODS_PODFILE_DIR_PATH}/Podfile.lock\" \"${PODS_ROOT}/Manifest.lock\" > /dev/null\nif [ $? != 0 ] ; then\n    # print error to STDERR\n    echo \"error: The sandbox is not in sync with the Podfile.lock. Run 'pod install' or update your CocoaPods installation.\" >&2\n    exit 1\nfi\n# This output is used by Xcode 'outputs' to avoid re-running this script phase.\necho \"SUCCESS\" > \"${SCRIPT_OUTPUT_FILE_0}\"\n";
			showEnvVarsInLog = 0;
		};
		2B7A2CA92C6B938FE58B8974 /* [CP] Embed Pods Frameworks */ = {
			isa = PBXShellScriptBuildPhase;
			buildActionMask = 2147483647;
			files = (
			);
			inputFileListPaths = (
				"${PODS_ROOT}/Target Support Files/Pods-iOS-Test/Pods-iOS-Test-frameworks-${CONFIGURATION}-input-files.xcfilelist",
			);
			name = "[CP] Embed Pods Frameworks";
			outputFileListPaths = (
				"${PODS_ROOT}/Target Support Files/Pods-iOS-Test/Pods-iOS-Test-frameworks-${CONFIGURATION}-output-files.xcfilelist",
			);
			runOnlyForDeploymentPostprocessing = 0;
			shellPath = /bin/sh;
			shellScript = "\"${PODS_ROOT}/Target Support Files/Pods-iOS-Test/Pods-iOS-Test-frameworks.sh\"\n";
			showEnvVarsInLog = 0;
		};
/* End PBXShellScriptBuildPhase section */

/* Begin PBXSourcesBuildPhase section */
		EF91968A2B3B1D5700DC508B /* Sources */ = {
			isa = PBXSourcesBuildPhase;
			buildActionMask = 2147483647;
			files = (
				EF9196AF2B3B1D8F00DC508B /* FruitsAndBerriesViewController.swift in Sources */,
				843EC24A2B496FA90020A2E2 /* API.swift in Sources */,
				843EC26D2B4A1F5A0020A2E2 /* GroceryProductDetail.swift in Sources */,
				843EC23A2B4967D50020A2E2 /* Data+Extension.swift in Sources */,
				843EC2302B4966870020A2E2 /* Identify.swift in Sources */,
				843EC25E2B49A81D0020A2E2 /* GroceryProductViewModel.swift in Sources */,
				843EC2512B4979ED0020A2E2 /* GroceryProduct.swift in Sources */,
				EF9196B32B3B263300DC508B /* SceneDelegate.swift in Sources */,
				843EC2342B4966D40020A2E2 /* UIColor+Extension.swift in Sources */,
				EF9196922B3B1D5700DC508B /* AppDelegate.swift in Sources */,
				843EC2632B49D2B20020A2E2 /* AppNavigationController.swift in Sources */,
				843EC24C2B49715E0020A2E2 /* Assemble+Extension.swift in Sources */,
				843EC2482B496F1E0020A2E2 /* AppConfiguration.swift in Sources */,
				843EC22C2B4965B00020A2E2 /* Configuration.swift in Sources */,
				843EC2462B496EE00020A2E2 /* ServiceAssemble.swift in Sources */,
				843EC25C2B49A3BD0020A2E2 /* GroceryProductTableViewCell.swift in Sources */,
				843EC26B2B4A09BD0020A2E2 /* FruitsAndBerriesDetailsViewController.swift in Sources */,
				843EC23F2B4968AE0020A2E2 /* EndpointConfigurable.swift in Sources */,
				843EC2582B49A1520020A2E2 /* BaseViewController.swift in Sources */,
				EF9196AC2B3B1D8F00DC508B /* FruitsAndBerriesPresenter.swift in Sources */,
				843EC2272B49654B0020A2E2 /* NetworkOperation.swift in Sources */,
				EF9196B02B3B1D8F00DC508B /* FruitsAndBerriesInteractor.swift in Sources */,
				843EC2542B499FD90020A2E2 /* Operators.swift in Sources */,
				843EC2382B4967B40020A2E2 /* LoggerEventMonitor.swift in Sources */,
				843EC2432B496AA30020A2E2 /* EndpointRequest.swift in Sources */,
				EF9196AE2B3B1D8F00DC508B /* FruitsAndBerriesModels.swift in Sources */,
				843EC2692B49F0B30020A2E2 /* DataDownloader.swift in Sources */,
				EF9196AD2B3B1D8F00DC508B /* FruitsAndBerriesRouter.swift in Sources */,
				843EC2412B4968D80020A2E2 /* APIEndpoint.swift in Sources */,
				843EC24F2B4979C10020A2E2 /* Grocery.swift in Sources */,
				843EC2662B49EEF60020A2E2 /* Downloader.swift in Sources */,
				843EC2612B49BB1C0020A2E2 /* ActivityIndicatorView.swift in Sources */,
				843EC2362B4967170020A2E2 /* UITableView+Extension.swift in Sources */,
				843EC23D2B49680B0020A2E2 /* ApplicationError.swift in Sources */,
			);
			runOnlyForDeploymentPostprocessing = 0;
		};
/* End PBXSourcesBuildPhase section */

/* Begin PBXVariantGroup section */
		EF91969C2B3B1D5C00DC508B /* LaunchScreen.storyboard */ = {
			isa = PBXVariantGroup;
			children = (
				EF91969D2B3B1D5C00DC508B /* Base */,
			);
			name = LaunchScreen.storyboard;
			sourceTree = "<group>";
		};
/* End PBXVariantGroup section */

/* Begin XCBuildConfiguration section */
		EF9196A02B3B1D5C00DC508B /* Debug */ = {
			isa = XCBuildConfiguration;
			buildSettings = {
				ALWAYS_SEARCH_USER_PATHS = NO;
				ASSETCATALOG_COMPILER_GENERATE_SWIFT_ASSET_SYMBOL_EXTENSIONS = YES;
				CLANG_ANALYZER_NONNULL = YES;
				CLANG_ANALYZER_NUMBER_OBJECT_CONVERSION = YES_AGGRESSIVE;
				CLANG_CXX_LANGUAGE_STANDARD = "gnu++20";
				CLANG_ENABLE_MODULES = YES;
				CLANG_ENABLE_OBJC_ARC = YES;
				CLANG_ENABLE_OBJC_WEAK = YES;
				CLANG_WARN_BLOCK_CAPTURE_AUTORELEASING = YES;
				CLANG_WARN_BOOL_CONVERSION = YES;
				CLANG_WARN_COMMA = YES;
				CLANG_WARN_CONSTANT_CONVERSION = YES;
				CLANG_WARN_DEPRECATED_OBJC_IMPLEMENTATIONS = YES;
				CLANG_WARN_DIRECT_OBJC_ISA_USAGE = YES_ERROR;
				CLANG_WARN_DOCUMENTATION_COMMENTS = YES;
				CLANG_WARN_EMPTY_BODY = YES;
				CLANG_WARN_ENUM_CONVERSION = YES;
				CLANG_WARN_INFINITE_RECURSION = YES;
				CLANG_WARN_INT_CONVERSION = YES;
				CLANG_WARN_NON_LITERAL_NULL_CONVERSION = YES;
				CLANG_WARN_OBJC_IMPLICIT_RETAIN_SELF = YES;
				CLANG_WARN_OBJC_LITERAL_CONVERSION = YES;
				CLANG_WARN_OBJC_ROOT_CLASS = YES_ERROR;
				CLANG_WARN_QUOTED_INCLUDE_IN_FRAMEWORK_HEADER = YES;
				CLANG_WARN_RANGE_LOOP_ANALYSIS = YES;
				CLANG_WARN_STRICT_PROTOTYPES = YES;
				CLANG_WARN_SUSPICIOUS_MOVE = YES;
				CLANG_WARN_UNGUARDED_AVAILABILITY = YES_AGGRESSIVE;
				CLANG_WARN_UNREACHABLE_CODE = YES;
				CLANG_WARN__DUPLICATE_METHOD_MATCH = YES;
				COPY_PHASE_STRIP = NO;
				DEBUG_INFORMATION_FORMAT = dwarf;
				ENABLE_STRICT_OBJC_MSGSEND = YES;
				ENABLE_TESTABILITY = YES;
				ENABLE_USER_SCRIPT_SANDBOXING = NO;
				GCC_C_LANGUAGE_STANDARD = gnu17;
				GCC_DYNAMIC_NO_PIC = NO;
				GCC_NO_COMMON_BLOCKS = YES;
				GCC_OPTIMIZATION_LEVEL = 0;
				GCC_PREPROCESSOR_DEFINITIONS = (
					"DEBUG=1",
					"$(inherited)",
				);
				GCC_WARN_64_TO_32_BIT_CONVERSION = YES;
				GCC_WARN_ABOUT_RETURN_TYPE = YES_ERROR;
				GCC_WARN_UNDECLARED_SELECTOR = YES;
				GCC_WARN_UNINITIALIZED_AUTOS = YES_AGGRESSIVE;
				GCC_WARN_UNUSED_FUNCTION = YES;
				GCC_WARN_UNUSED_VARIABLE = YES;
				IPHONEOS_DEPLOYMENT_TARGET = 17.2;
				LOCALIZATION_PREFERS_STRING_CATALOGS = YES;
				MTL_ENABLE_DEBUG_INFO = INCLUDE_SOURCE;
				MTL_FAST_MATH = YES;
				ONLY_ACTIVE_ARCH = YES;
				SDKROOT = iphoneos;
				SWIFT_ACTIVE_COMPILATION_CONDITIONS = "DEBUG $(inherited)";
				SWIFT_OPTIMIZATION_LEVEL = "-Onone";
			};
			name = Debug;
		};
		EF9196A12B3B1D5C00DC508B /* Release */ = {
			isa = XCBuildConfiguration;
			buildSettings = {
				ALWAYS_SEARCH_USER_PATHS = NO;
				ASSETCATALOG_COMPILER_GENERATE_SWIFT_ASSET_SYMBOL_EXTENSIONS = YES;
				CLANG_ANALYZER_NONNULL = YES;
				CLANG_ANALYZER_NUMBER_OBJECT_CONVERSION = YES_AGGRESSIVE;
				CLANG_CXX_LANGUAGE_STANDARD = "gnu++20";
				CLANG_ENABLE_MODULES = YES;
				CLANG_ENABLE_OBJC_ARC = YES;
				CLANG_ENABLE_OBJC_WEAK = YES;
				CLANG_WARN_BLOCK_CAPTURE_AUTORELEASING = YES;
				CLANG_WARN_BOOL_CONVERSION = YES;
				CLANG_WARN_COMMA = YES;
				CLANG_WARN_CONSTANT_CONVERSION = YES;
				CLANG_WARN_DEPRECATED_OBJC_IMPLEMENTATIONS = YES;
				CLANG_WARN_DIRECT_OBJC_ISA_USAGE = YES_ERROR;
				CLANG_WARN_DOCUMENTATION_COMMENTS = YES;
				CLANG_WARN_EMPTY_BODY = YES;
				CLANG_WARN_ENUM_CONVERSION = YES;
				CLANG_WARN_INFINITE_RECURSION = YES;
				CLANG_WARN_INT_CONVERSION = YES;
				CLANG_WARN_NON_LITERAL_NULL_CONVERSION = YES;
				CLANG_WARN_OBJC_IMPLICIT_RETAIN_SELF = YES;
				CLANG_WARN_OBJC_LITERAL_CONVERSION = YES;
				CLANG_WARN_OBJC_ROOT_CLASS = YES_ERROR;
				CLANG_WARN_QUOTED_INCLUDE_IN_FRAMEWORK_HEADER = YES;
				CLANG_WARN_RANGE_LOOP_ANALYSIS = YES;
				CLANG_WARN_STRICT_PROTOTYPES = YES;
				CLANG_WARN_SUSPICIOUS_MOVE = YES;
				CLANG_WARN_UNGUARDED_AVAILABILITY = YES_AGGRESSIVE;
				CLANG_WARN_UNREACHABLE_CODE = YES;
				CLANG_WARN__DUPLICATE_METHOD_MATCH = YES;
				COPY_PHASE_STRIP = NO;
				DEBUG_INFORMATION_FORMAT = "dwarf-with-dsym";
				ENABLE_NS_ASSERTIONS = NO;
				ENABLE_STRICT_OBJC_MSGSEND = YES;
				ENABLE_USER_SCRIPT_SANDBOXING = NO;
				GCC_C_LANGUAGE_STANDARD = gnu17;
				GCC_NO_COMMON_BLOCKS = YES;
				GCC_WARN_64_TO_32_BIT_CONVERSION = YES;
				GCC_WARN_ABOUT_RETURN_TYPE = YES_ERROR;
				GCC_WARN_UNDECLARED_SELECTOR = YES;
				GCC_WARN_UNINITIALIZED_AUTOS = YES_AGGRESSIVE;
				GCC_WARN_UNUSED_FUNCTION = YES;
				GCC_WARN_UNUSED_VARIABLE = YES;
				IPHONEOS_DEPLOYMENT_TARGET = 17.2;
				LOCALIZATION_PREFERS_STRING_CATALOGS = YES;
				MTL_ENABLE_DEBUG_INFO = NO;
				MTL_FAST_MATH = YES;
				SDKROOT = iphoneos;
				SWIFT_COMPILATION_MODE = wholemodule;
				VALIDATE_PRODUCT = YES;
			};
			name = Release;
		};
		EF9196A32B3B1D5C00DC508B /* Debug */ = {
			isa = XCBuildConfiguration;
			baseConfigurationReference = 7CA12818464BDEBAA24261A9 /* Pods-iOS-Test.debug.xcconfig */;
			buildSettings = {
				ASSETCATALOG_COMPILER_APPICON_NAME = AppIcon;
				ASSETCATALOG_COMPILER_GLOBAL_ACCENT_COLOR_NAME = AccentColor;
				CODE_SIGN_STYLE = Automatic;
				CURRENT_PROJECT_VERSION = 1;
				DEVELOPMENT_TEAM = 67WPH73Y55;
				GENERATE_INFOPLIST_FILE = YES;
				INFOPLIST_FILE = Info.plist;
				INFOPLIST_KEY_UIApplicationSupportsIndirectInputEvents = YES;
				INFOPLIST_KEY_UILaunchStoryboardName = LaunchScreen;
				INFOPLIST_KEY_UISupportedInterfaceOrientations_iPad = "UIInterfaceOrientationPortrait UIInterfaceOrientationPortraitUpsideDown UIInterfaceOrientationLandscapeLeft UIInterfaceOrientationLandscapeRight";
				INFOPLIST_KEY_UISupportedInterfaceOrientations_iPhone = "UIInterfaceOrientationPortrait UIInterfaceOrientationLandscapeLeft UIInterfaceOrientationLandscapeRight";
				IPHONEOS_DEPLOYMENT_TARGET = 16.6;
				LD_RUNPATH_SEARCH_PATHS = (
					"$(inherited)",
					"@executable_path/Frameworks",
				);
				MARKETING_VERSION = 1.0;
				PRODUCT_BUNDLE_IDENTIFIER = "my.com.f17y.iOS-Test";
				PRODUCT_NAME = "$(TARGET_NAME)";
				SWIFT_EMIT_LOC_STRINGS = YES;
				SWIFT_VERSION = 5.0;
				TARGETED_DEVICE_FAMILY = "1,2";
			};
			name = Debug;
		};
		EF9196A42B3B1D5C00DC508B /* Release */ = {
			isa = XCBuildConfiguration;
			baseConfigurationReference = BFDD637EA962BC4E975D75CA /* Pods-iOS-Test.release.xcconfig */;
			buildSettings = {
				ASSETCATALOG_COMPILER_APPICON_NAME = AppIcon;
				ASSETCATALOG_COMPILER_GLOBAL_ACCENT_COLOR_NAME = AccentColor;
				CODE_SIGN_STYLE = Automatic;
				CURRENT_PROJECT_VERSION = 1;
				DEVELOPMENT_TEAM = L794397534;
				GENERATE_INFOPLIST_FILE = YES;
				INFOPLIST_FILE = Info.plist;
				INFOPLIST_KEY_UIApplicationSupportsIndirectInputEvents = YES;
				INFOPLIST_KEY_UILaunchStoryboardName = LaunchScreen;
				INFOPLIST_KEY_UISupportedInterfaceOrientations_iPad = "UIInterfaceOrientationPortrait UIInterfaceOrientationPortraitUpsideDown UIInterfaceOrientationLandscapeLeft UIInterfaceOrientationLandscapeRight";
				INFOPLIST_KEY_UISupportedInterfaceOrientations_iPhone = "UIInterfaceOrientationPortrait UIInterfaceOrientationLandscapeLeft UIInterfaceOrientationLandscapeRight";
				IPHONEOS_DEPLOYMENT_TARGET = 16.6;
				LD_RUNPATH_SEARCH_PATHS = (
					"$(inherited)",
					"@executable_path/Frameworks",
				);
				MARKETING_VERSION = 1.0;
				PRODUCT_BUNDLE_IDENTIFIER = "com.f17y.iOS-Test";
				PRODUCT_NAME = "$(TARGET_NAME)";
				SWIFT_EMIT_LOC_STRINGS = YES;
				SWIFT_VERSION = 5.0;
				TARGETED_DEVICE_FAMILY = "1,2";
			};
			name = Release;
		};
/* End XCBuildConfiguration section */

/* Begin XCConfigurationList section */
		EF9196892B3B1D5700DC508B /* Build configuration list for PBXProject "iOS-Test" */ = {
			isa = XCConfigurationList;
			buildConfigurations = (
				EF9196A02B3B1D5C00DC508B /* Debug */,
				EF9196A12B3B1D5C00DC508B /* Release */,
			);
			defaultConfigurationIsVisible = 0;
			defaultConfigurationName = Release;
		};
		EF9196A22B3B1D5C00DC508B /* Build configuration list for PBXNativeTarget "iOS-Test" */ = {
			isa = XCConfigurationList;
			buildConfigurations = (
				EF9196A32B3B1D5C00DC508B /* Debug */,
				EF9196A42B3B1D5C00DC508B /* Release */,
			);
			defaultConfigurationIsVisible = 0;
			defaultConfigurationName = Release;
		};
/* End XCConfigurationList section */
	};
	rootObject = EF9196862B3B1D5700DC508B /* Project object */;
}
